
Microsoft Visual Studio Solution File, Format Version 12.00
# Visual Studio Version 17
VisualStudioVersion = 17.1.32319.34
MinimumVisualStudioVersion = 10.0.40219.1
Project("{2150E333-8FDC-42A3-9474-1A3956D46DE8}") = "Solution Items", "Solution Items", "{D39EB544-3ECA-435D-A4BD-EA7989C71596}"
	ProjectSection(SolutionItems) = preProject
		ReadMe.md = ReadMe.md
	EndProjectSection
EndProject
Project("{9A19103F-16F7-4668-BE54-9A1E7A4F7556}") = "SourceGenConsole", "SourceGenConsole\SourceGenConsole.csproj", "{3EED42EF-734A-4528-BC06-1C60C9BBF942}"
EndProject
Project("{9A19103F-16F7-4668-BE54-9A1E7A4F7556}") = "SourceGenerator", "SourceGenerator\SourceGenerator.csproj", "{49C977C8-4711-4729-9DE4-BA230EF7BAF5}"
EndProject
Global
	GlobalSection(SolutionConfigurationPlatforms) = preSolution
		Debug|Any CPU = Debug|Any CPU
		Release|Any CPU = Release|Any CPU
	EndGlobalSection
	GlobalSection(ProjectConfigurationPlatforms) = postSolution
		{3EED42EF-734A-4528-BC06-1C60C9BBF942}.Debug|Any CPU.ActiveCfg = Debug|Any CPU
		{3EED42EF-734A-4528-BC06-1C60C9BBF942}.Debug|Any CPU.Build.0 = Debug|Any CPU
		{3EED42EF-734A-4528-BC06-1C60C9BBF942}.Release|Any CPU.ActiveCfg = Release|Any CPU
		{3EED42EF-734A-4528-BC06-1C60C9BBF942}.Release|Any CPU.Build.0 = Release|Any CPU
		{49C977C8-4711-4729-9DE4-BA230EF7BAF5}.Debug|Any CPU.ActiveCfg = Debug|Any CPU
		{49C977C8-4711-4729-9DE4-BA230EF7BAF5}.Debug|Any CPU.Build.0 = Debug|Any CPU
		{49C977C8-4711-4729-9DE4-BA230EF7BAF5}.Release|Any CPU.ActiveCfg = Release|Any CPU
		{49C977C8-4711-4729-9DE4-BA230EF7BAF5}.Release|Any CPU.Build.0 = Release|Any CPU
	EndGlobalSection
	GlobalSection(SolutionProperties) = preSolution
		HideSolutionNode = FALSE
	EndGlobalSection
	GlobalSection(ExtensibilityGlobals) = postSolution
		SolutionGuid = {FABF9014-1007-4AC8-8EC1-3808D5A23FB7}
	EndGlobalSection
EndGlobal
