
Microsoft Visual Studio Solution File, Format Version 12.00
# Visual Studio Version 17
VisualStudioVersion = 17.1.32319.34
MinimumVisualStudioVersion = 10.0.40219.1
Project("{9A19103F-16F7-4668-BE54-9A1E7A4F7556}") = "SourceGenTalks", "SourceGenTalks\SourceGenTalks.csproj", "{9D81A8CC-BEC1-4501-8469-E381652421DC}"
EndProject
Project("{2150E333-8FDC-42A3-9474-1A3956D46DE8}") = "Solution Items", "Solution Items", "{93441DF0-D3CC-47F6-BD76-23EA960414E2}"
	ProjectSection(SolutionItems) = preProject
		ReadMe.md = ReadMe.md
	EndProjectSection
EndProject
Global
	GlobalSection(SolutionConfigurationPlatforms) = preSolution
		Debug|Any CPU = Debug|Any CPU
		Release|Any CPU = Release|Any CPU
	EndGlobalSection
	GlobalSection(ProjectConfigurationPlatforms) = postSolution
		{9D81A8CC-BEC1-4501-8469-E381652421DC}.Debug|Any CPU.ActiveCfg = Debug|Any CPU
		{9D81A8CC-BEC1-4501-8469-E381652421DC}.Debug|Any CPU.Build.0 = Debug|Any CPU
		{9D81A8CC-BEC1-4501-8469-E381652421DC}.Release|Any CPU.ActiveCfg = Release|Any CPU
		{9D81A8CC-BEC1-4501-8469-E381652421DC}.Release|Any CPU.Build.0 = Release|Any CPU
	EndGlobalSection
	GlobalSection(SolutionProperties) = preSolution
		HideSolutionNode = FALSE
	EndGlobalSection
	GlobalSection(ExtensibilityGlobals) = postSolution
		SolutionGuid = {63289CD5-51FD-47D3-A621-C13A129DFC04}
	EndGlobalSection
EndGlobal
