
Microsoft Visual Studio Solution File, Format Version 12.00
# Visual Studio Version 17
VisualStudioVersion = 17.1.32319.34
MinimumVisualStudioVersion = 10.0.40219.1
Project("{FAE04EC0-301F-11D3-BF4B-00C04F79EFBC}") = "EqualsAnalyzer", "EqualsAnalyzer\EqualsAnalyzer\EqualsAnalyzer.csproj", "{7D5498D1-5302-4A7D-9E7D-9C5004E90F59}"
EndProject
Project("{FAE04EC0-301F-11D3-BF4B-00C04F79EFBC}") = "EqualsAnalyzer.CodeFixes", "EqualsAnalyzer\EqualsAnalyzer.CodeFixes\EqualsAnalyzer.CodeFixes.csproj", "{EB0081A8-C44D-4B75-AFF1-BE486423DB4D}"
EndProject
Project("{FAE04EC0-301F-11D3-BF4B-00C04F79EFBC}") = "EqualsAnalyzer.Package", "EqualsAnalyzer\EqualsAnalyzer.Package\EqualsAnalyzer.Package.csproj", "{FADAD569-0884-4018-A509-35825503328E}"
EndProject
Project("{FAE04EC0-301F-11D3-BF4B-00C04F79EFBC}") = "EqualsAnalyzer.Test", "EqualsAnalyzer\EqualsAnalyzer.Test\EqualsAnalyzer.Test.csproj", "{6907D7DC-0AC0-4582-A8C1-34A59BD82D76}"
EndProject
Project("{FAE04EC0-301F-11D3-BF4B-00C04F79EFBC}") = "EqualsAnalyzer.Vsix", "EqualsAnalyzer\EqualsAnalyzer.Vsix\EqualsAnalyzer.Vsix.csproj", "{FF8DEC09-0659-4632-A70E-C9FA299B504D}"
EndProject
Project("{2150E333-8FDC-42A3-9474-1A3956D46DE8}") = "Solution Items", "Solution Items", "{619DE4FD-E53D-43B0-B920-15184F5EDE60}"
	ProjectSection(SolutionItems) = preProject
		..\README.md = ..\README.md
	EndProjectSection
EndProject
Global
	GlobalSection(SolutionConfigurationPlatforms) = preSolution
		Debug|Any CPU = Debug|Any CPU
		Release|Any CPU = Release|Any CPU
	EndGlobalSection
	GlobalSection(ProjectConfigurationPlatforms) = postSolution
		{7D5498D1-5302-4A7D-9E7D-9C5004E90F59}.Debug|Any CPU.ActiveCfg = Debug|Any CPU
		{7D5498D1-5302-4A7D-9E7D-9C5004E90F59}.Debug|Any CPU.Build.0 = Debug|Any CPU
		{7D5498D1-5302-4A7D-9E7D-9C5004E90F59}.Release|Any CPU.ActiveCfg = Release|Any CPU
		{7D5498D1-5302-4A7D-9E7D-9C5004E90F59}.Release|Any CPU.Build.0 = Release|Any CPU
		{EB0081A8-C44D-4B75-AFF1-BE486423DB4D}.Debug|Any CPU.ActiveCfg = Debug|Any CPU
		{EB0081A8-C44D-4B75-AFF1-BE486423DB4D}.Debug|Any CPU.Build.0 = Debug|Any CPU
		{EB0081A8-C44D-4B75-AFF1-BE486423DB4D}.Release|Any CPU.ActiveCfg = Release|Any CPU
		{EB0081A8-C44D-4B75-AFF1-BE486423DB4D}.Release|Any CPU.Build.0 = Release|Any CPU
		{FADAD569-0884-4018-A509-35825503328E}.Debug|Any CPU.ActiveCfg = Debug|Any CPU
		{FADAD569-0884-4018-A509-35825503328E}.Debug|Any CPU.Build.0 = Debug|Any CPU
		{FADAD569-0884-4018-A509-35825503328E}.Release|Any CPU.ActiveCfg = Release|Any CPU
		{FADAD569-0884-4018-A509-35825503328E}.Release|Any CPU.Build.0 = Release|Any CPU
		{6907D7DC-0AC0-4582-A8C1-34A59BD82D76}.Debug|Any CPU.ActiveCfg = Debug|Any CPU
		{6907D7DC-0AC0-4582-A8C1-34A59BD82D76}.Debug|Any CPU.Build.0 = Debug|Any CPU
		{6907D7DC-0AC0-4582-A8C1-34A59BD82D76}.Release|Any CPU.ActiveCfg = Release|Any CPU
		{6907D7DC-0AC0-4582-A8C1-34A59BD82D76}.Release|Any CPU.Build.0 = Release|Any CPU
		{FF8DEC09-0659-4632-A70E-C9FA299B504D}.Debug|Any CPU.ActiveCfg = Debug|Any CPU
		{FF8DEC09-0659-4632-A70E-C9FA299B504D}.Debug|Any CPU.Build.0 = Debug|Any CPU
		{FF8DEC09-0659-4632-A70E-C9FA299B504D}.Release|Any CPU.ActiveCfg = Release|Any CPU
		{FF8DEC09-0659-4632-A70E-C9FA299B504D}.Release|Any CPU.Build.0 = Release|Any CPU
	EndGlobalSection
	GlobalSection(SolutionProperties) = preSolution
		HideSolutionNode = FALSE
	EndGlobalSection
	GlobalSection(ExtensibilityGlobals) = postSolution
		SolutionGuid = {7FACFA17-C4A5-40EE-9A26-5B01BC400986}
	EndGlobalSection
EndGlobal
