
Microsoft Visual Studio Solution File, Format Version 12.00
# Visual Studio Version 17
VisualStudioVersion = 17.1.32407.343
MinimumVisualStudioVersion = 10.0.40219.1
Project("{9A19103F-16F7-4668-BE54-9A1E7A4F7556}") = "ServiceWithAttributes.Generator", "ServiceWithAttributes.Generator\ServiceWithAttributes.Generator.csproj", "{D69DCCF7-1369-404E-9F89-553806C7B7FD}"
EndProject
Project("{FAE04EC0-301F-11D3-BF4B-00C04F79EFBC}") = "ServiceWithAttributes", "ServiceWithAttributes\ServiceWithAttributes.csproj", "{C7089CC2-AD99-4658-9295-B6DD34AAF079}"
EndProject
Global
	GlobalSection(SolutionConfigurationPlatforms) = preSolution
		Debug|Any CPU = Debug|Any CPU
		Release|Any CPU = Release|Any CPU
	EndGlobalSection
	GlobalSection(ProjectConfigurationPlatforms) = postSolution
		{D69DCCF7-1369-404E-9F89-553806C7B7FD}.Debug|Any CPU.ActiveCfg = Debug|Any CPU
		{D69DCCF7-1369-404E-9F89-553806C7B7FD}.Debug|Any CPU.Build.0 = Debug|Any CPU
		{D69DCCF7-1369-404E-9F89-553806C7B7FD}.Release|Any CPU.ActiveCfg = Release|Any CPU
		{D69DCCF7-1369-404E-9F89-553806C7B7FD}.Release|Any CPU.Build.0 = Release|Any CPU
		{C7089CC2-AD99-4658-9295-B6DD34AAF079}.Debug|Any CPU.ActiveCfg = Debug|Any CPU
		{C7089CC2-AD99-4658-9295-B6DD34AAF079}.Debug|Any CPU.Build.0 = Debug|Any CPU
		{C7089CC2-AD99-4658-9295-B6DD34AAF079}.Release|Any CPU.ActiveCfg = Release|Any CPU
		{C7089CC2-AD99-4658-9295-B6DD34AAF079}.Release|Any CPU.Build.0 = Release|Any CPU
	EndGlobalSection
	GlobalSection(SolutionProperties) = preSolution
		HideSolutionNode = FALSE
	EndGlobalSection
	GlobalSection(ExtensibilityGlobals) = postSolution
		SolutionGuid = {41BB0AB8-0EBC-4146-99C9-C6C28D053968}
	EndGlobalSection
EndGlobal
